
Microsoft Visual Studio Solution File, Format Version 12.00
# Visual Studio 15
VisualStudioVersion = 15.0.28010.2016
MinimumVisualStudioVersion = 10.0.40219.1
Project("{FAE04EC0-301F-11D3-BF4B-00C04F79EFBC}") = "WebApplication15", "WebApplication15\WebApplication15.csproj", "{92B40346-094F-406D-B34A-10233F58C51E}"
EndProject
Global
	GlobalSection(SolutionConfigurationPlatforms) = preSolution
		Debug|Any CPU = Debug|Any CPU
		Release|Any CPU = Release|Any CPU
	EndGlobalSection
	GlobalSection(ProjectConfigurationPlatforms) = postSolution
		{92B40346-094F-406D-B34A-10233F58C51E}.Debug|Any CPU.ActiveCfg = Debug|Any CPU
		{92B40346-094F-406D-B34A-10233F58C51E}.Debug|Any CPU.Build.0 = Debug|Any CPU
		{92B40346-094F-406D-B34A-10233F58C51E}.Release|Any CPU.ActiveCfg = Release|Any CPU
		{92B40346-094F-406D-B34A-10233F58C51E}.Release|Any CPU.Build.0 = Release|Any CPU
	EndGlobalSection
	GlobalSection(SolutionProperties) = preSolution
		HideSolutionNode = FALSE
	EndGlobalSection
	GlobalSection(ExtensibilityGlobals) = postSolution
		SolutionGuid = {C49B60FE-0324-4514-95C5-F026A50B6801}
	EndGlobalSection
EndGlobal
